
Microsoft Visual Studio Solution File, Format Version 12.00
# Visual Studio Version 17
VisualStudioVersion = 17.13.35919.96 d17.13
MinimumVisualStudioVersion = 10.0.40219.1
Project("{54A90642-561A-4BB1-A94E-469ADEE60C69}") = "mailmanager.client", "mailmanager.client\mailmanager.client.esproj", "{F2B0CBF9-2F78-1FEC-6D90-9CC5F8421070}"
EndProject
Project("{FAE04EC0-301F-11D3-BF4B-00C04F79EFBC}") = "MailManager.Server", "MailManager.Server\MailManager.Server.csproj", "{6A0C6B64-BF30-46B6-9ED0-C4185BD120ED}"
EndProject
Global
	GlobalSection(SolutionConfigurationPlatforms) = preSolution
		Debug|Any CPU = Debug|Any CPU
		Release|Any CPU = Release|Any CPU
	EndGlobalSection
	GlobalSection(ProjectConfigurationPlatforms) = postSolution
		{F2B0CBF9-2F78-1FEC-6D90-9CC5F8421070}.Debug|Any CPU.ActiveCfg = Debug|Any CPU
		{F2B0CBF9-2F78-1FEC-6D90-9CC5F8421070}.Debug|Any CPU.Build.0 = Debug|Any CPU
		{F2B0CBF9-2F78-1FEC-6D90-9CC5F8421070}.Debug|Any CPU.Deploy.0 = Debug|Any CPU
		{F2B0CBF9-2F78-1FEC-6D90-9CC5F8421070}.Release|Any CPU.ActiveCfg = Release|Any CPU
		{F2B0CBF9-2F78-1FEC-6D90-9CC5F8421070}.Release|Any CPU.Build.0 = Release|Any CPU
		{F2B0CBF9-2F78-1FEC-6D90-9CC5F8421070}.Release|Any CPU.Deploy.0 = Release|Any CPU
		{6A0C6B64-BF30-46B6-9ED0-C4185BD120ED}.Debug|Any CPU.ActiveCfg = Debug|Any CPU
		{6A0C6B64-BF30-46B6-9ED0-C4185BD120ED}.Debug|Any CPU.Build.0 = Debug|Any CPU
		{6A0C6B64-BF30-46B6-9ED0-C4185BD120ED}.Release|Any CPU.ActiveCfg = Release|Any CPU
		{6A0C6B64-BF30-46B6-9ED0-C4185BD120ED}.Release|Any CPU.Build.0 = Release|Any CPU
	EndGlobalSection
	GlobalSection(SolutionProperties) = preSolution
		HideSolutionNode = FALSE
	EndGlobalSection
	GlobalSection(ExtensibilityGlobals) = postSolution
		SolutionGuid = {1E825EF6-FC65-4744-9673-BF0F3B08AD1B}
	EndGlobalSection
EndGlobal
